# This file is automatically @generated by Poetry 2.0.1 and should not be changed by hand.

[[package]]
name = "boto3"
version = "1.36.20"
description = "The AWS SDK for Python"
optional = false
python-versions = ">=3.8"
groups = ["main"]
files = [
    {file = "boto3-1.36.20-py3-none-any.whl", hash = "sha256:e132e31232ee107f1c187f566d96863a907433e5bdd8d8928effddd30a96242f"},
    {file = "boto3-1.36.20.tar.gz", hash = "sha256:4a27ffc0543c2a429600542047f00c6a1e95270139d36d8cc636e9cc9a78b835"},
]

[package.dependencies]
botocore = ">=1.36.20,<1.37.0"
jmespath = ">=0.7.1,<2.0.0"
s3transfer = ">=0.11.0,<0.12.0"

[package.extras]
crt = ["botocore[crt] (>=1.21.0,<2.0a0)"]

[[package]]
name = "botocore"
version = "1.36.20"
description = "Low-level, data-driven core of boto 3."
optional = false
python-versions = ">=3.8"
groups = ["main"]
files = [
    {file = "botocore-1.36.20-py3-none-any.whl", hash = "sha256:0110bf2208e4569659d0ccfca94baa4999501334397987b02712a94493cbf48b"},
    {file = "botocore-1.36.20.tar.gz", hash = "sha256:3815a05518ff03a8dbc8d5a3c29b95889409a25ac87a282067f6e26fefb7c40a"},
]

[package.dependencies]
jmespath = ">=0.7.1,<2.0.0"
python-dateutil = ">=2.1,<3.0.0"
urllib3 = {version = ">=1.25.4,<2.2.0 || >2.2.0,<3", markers = "python_version >= \"3.10\""}

[package.extras]
crt = ["awscrt (==0.23.8)"]

[[package]]
name = "dnspython"
version = "2.7.0"
description = "DNS toolkit"
optional = false
python-versions = ">=3.9"
groups = ["main"]
files = [
    {file = "dnspython-2.7.0-py3-none-any.whl", hash = "sha256:b4c34b7d10b51bcc3a5071e7b8dee77939f1e878477eeecc965e9835f63c6c86"},
    {file = "dnspython-2.7.0.tar.gz", hash = "sha256:ce9c432eda0dc91cf618a5cedf1a4e142651196bbcd2c80e89ed5a907e5cfaf1"},
]

[package.extras]
dev = ["black (>=23.1.0)", "coverage (>=7.0)", "flake8 (>=7)", "hypercorn (>=0.16.0)", "mypy (>=1.8)", "pylint (>=3)", "pytest (>=7.4)", "pytest-cov (>=4.1.0)", "quart-trio (>=0.11.0)", "sphinx (>=7.2.0)", "sphinx-rtd-theme (>=2.0.0)", "twine (>=4.0.0)", "wheel (>=0.42.0)"]
dnssec = ["cryptography (>=43)"]
doh = ["h2 (>=4.1.0)", "httpcore (>=1.0.0)", "httpx (>=0.26.0)"]
doq = ["aioquic (>=1.0.0)"]
idna = ["idna (>=3.7)"]
trio = ["trio (>=0.23)"]
wmi = ["wmi (>=1.5.1)"]

[[package]]
name = "jmespath"
version = "1.0.1"
description = "JSON Matching Expressions"
optional = false
python-versions = ">=3.7"
groups = ["main"]
files = [
    {file = "jmespath-1.0.1-py3-none-any.whl", hash = "sha256:02e2e4cc71b5bcab88332eebf907519190dd9e6e82107fa7f83b1003a6252980"},
    {file = "jmespath-1.0.1.tar.gz", hash = "sha256:90261b206d6defd58fdd5e85f478bf633a2901798906be2ad389150c5c60edbe"},
]

[[package]]
name = "numpy"
version = "2.2.3"
description = "Fundamental package for array computing in Python"
optional = false
python-versions = ">=3.10"
groups = ["main"]
files = [
    {file = "numpy-2.2.3-cp310-cp310-macosx_10_9_x86_64.whl", hash = "sha256:cbc6472e01952d3d1b2772b720428f8b90e2deea8344e854df22b0618e9cce71"},
    {file = "numpy-2.2.3-cp310-cp310-macosx_11_0_arm64.whl", hash = "sha256:cdfe0c22692a30cd830c0755746473ae66c4a8f2e7bd508b35fb3b6a0813d787"},
    {file = "numpy-2.2.3-cp310-cp310-macosx_14_0_arm64.whl", hash = "sha256:e37242f5324ffd9f7ba5acf96d774f9276aa62a966c0bad8dae692deebec7716"},
    {file = "numpy-2.2.3-cp310-cp310-macosx_14_0_x86_64.whl", hash = "sha256:95172a21038c9b423e68be78fd0be6e1b97674cde269b76fe269a5dfa6fadf0b"},
    {file = "numpy-2.2.3-cp310-cp310-manylinux_2_17_aarch64.manylinux2014_aarch64.whl", hash = "sha256:d5b47c440210c5d1d67e1cf434124e0b5c395eee1f5806fdd89b553ed1acd0a3"},
    {file = "numpy-2.2.3-cp310-cp310-manylinux_2_17_x86_64.manylinux2014_x86_64.whl", hash = "sha256:0391ea3622f5c51a2e29708877d56e3d276827ac5447d7f45e9bc4ade8923c52"},
    {file = "numpy-2.2.3-cp310-cp310-musllinux_1_2_aarch64.whl", hash = "sha256:f6b3dfc7661f8842babd8ea07e9897fe3d9b69a1d7e5fbb743e4160f9387833b"},
    {file = "numpy-2.2.3-cp310-cp310-musllinux_1_2_x86_64.whl", hash = "sha256:1ad78ce7f18ce4e7df1b2ea4019b5817a2f6a8a16e34ff2775f646adce0a5027"},
    {file = "numpy-2.2.3-cp310-cp310-win32.whl", hash = "sha256:5ebeb7ef54a7be11044c33a17b2624abe4307a75893c001a4800857956b41094"},
    {file = "numpy-2.2.3-cp310-cp310-win_amd64.whl", hash = "sha256:596140185c7fa113563c67c2e894eabe0daea18cf8e33851738c19f70ce86aeb"},
    {file = "numpy-2.2.3-cp311-cp311-macosx_10_9_x86_64.whl", hash = "sha256:16372619ee728ed67a2a606a614f56d3eabc5b86f8b615c79d01957062826ca8"},
    {file = "numpy-2.2.3-cp311-cp311-macosx_11_0_arm64.whl", hash = "sha256:5521a06a3148686d9269c53b09f7d399a5725c47bbb5b35747e1cb76326b714b"},
    {file = "numpy-2.2.3-cp311-cp311-macosx_14_0_arm64.whl", hash = "sha256:7c8dde0ca2f77828815fd1aedfdf52e59071a5bae30dac3b4da2a335c672149a"},
    {file = "numpy-2.2.3-cp311-cp311-macosx_14_0_x86_64.whl", hash = "sha256:77974aba6c1bc26e3c205c2214f0d5b4305bdc719268b93e768ddb17e3fdd636"},
    {file = "numpy-2.2.3-cp311-cp311-manylinux_2_17_aarch64.manylinux2014_aarch64.whl", hash = "sha256:d42f9c36d06440e34226e8bd65ff065ca0963aeecada587b937011efa02cdc9d"},
    {file = "numpy-2.2.3-cp311-cp311-manylinux_2_17_x86_64.manylinux2014_x86_64.whl", hash = "sha256:f2712c5179f40af9ddc8f6727f2bd910ea0eb50206daea75f58ddd9fa3f715bb"},
    {file = "numpy-2.2.3-cp311-cp311-musllinux_1_2_aarch64.whl", hash = "sha256:c8b0451d2ec95010d1db8ca733afc41f659f425b7f608af569711097fd6014e2"},
    {file = "numpy-2.2.3-cp311-cp311-musllinux_1_2_x86_64.whl", hash = "sha256:d9b4a8148c57ecac25a16b0e11798cbe88edf5237b0df99973687dd866f05e1b"},
    {file = "numpy-2.2.3-cp311-cp311-win32.whl", hash = "sha256:1f45315b2dc58d8a3e7754fe4e38b6fce132dab284a92851e41b2b344f6441c5"},
    {file = "numpy-2.2.3-cp311-cp311-win_amd64.whl", hash = "sha256:9f48ba6f6c13e5e49f3d3efb1b51c8193215c42ac82610a04624906a9270be6f"},
    {file = "numpy-2.2.3-cp312-cp312-macosx_10_13_x86_64.whl", hash = "sha256:12c045f43b1d2915eca6b880a7f4a256f59d62df4f044788c8ba67709412128d"},
    {file = "numpy-2.2.3-cp312-cp312-macosx_11_0_arm64.whl", hash = "sha256:87eed225fd415bbae787f93a457af7f5990b92a334e346f72070bf569b9c9c95"},
    {file = "numpy-2.2.3-cp312-cp312-macosx_14_0_arm64.whl", hash = "sha256:712a64103d97c404e87d4d7c47fb0c7ff9acccc625ca2002848e0d53288b90ea"},
    {file = "numpy-2.2.3-cp312-cp312-macosx_14_0_x86_64.whl", hash = "sha256:a5ae282abe60a2db0fd407072aff4599c279bcd6e9a2475500fc35b00a57c532"},
    {file = "numpy-2.2.3-cp312-cp312-manylinux_2_17_aarch64.manylinux2014_aarch64.whl", hash = "sha256:5266de33d4c3420973cf9ae3b98b54a2a6d53a559310e3236c4b2b06b9c07d4e"},
    {file = "numpy-2.2.3-cp312-cp312-manylinux_2_17_x86_64.manylinux2014_x86_64.whl", hash = "sha256:3b787adbf04b0db1967798dba8da1af07e387908ed1553a0d6e74c084d1ceafe"},
    {file = "numpy-2.2.3-cp312-cp312-musllinux_1_2_aarch64.whl", hash = "sha256:34c1b7e83f94f3b564b35f480f5652a47007dd91f7c839f404d03279cc8dd021"},
    {file = "numpy-2.2.3-cp312-cp312-musllinux_1_2_x86_64.whl", hash = "sha256:4d8335b5f1b6e2bce120d55fb17064b0262ff29b459e8493d1785c18ae2553b8"},
    {file = "numpy-2.2.3-cp312-cp312-win32.whl", hash = "sha256:4d9828d25fb246bedd31e04c9e75714a4087211ac348cb39c8c5f99dbb6683fe"},
    {file = "numpy-2.2.3-cp312-cp312-win_amd64.whl", hash = "sha256:83807d445817326b4bcdaaaf8e8e9f1753da04341eceec705c001ff342002e5d"},
    {file = "numpy-2.2.3-cp313-cp313-macosx_10_13_x86_64.whl", hash = "sha256:7bfdb06b395385ea9b91bf55c1adf1b297c9fdb531552845ff1d3ea6e40d5aba"},
    {file = "numpy-2.2.3-cp313-cp313-macosx_11_0_arm64.whl", hash = "sha256:23c9f4edbf4c065fddb10a4f6e8b6a244342d95966a48820c614891e5059bb50"},
    {file = "numpy-2.2.3-cp313-cp313-macosx_14_0_arm64.whl", hash = "sha256:a0c03b6be48aaf92525cccf393265e02773be8fd9551a2f9adbe7db1fa2b60f1"},
    {file = "numpy-2.2.3-cp313-cp313-macosx_14_0_x86_64.whl", hash = "sha256:2376e317111daa0a6739e50f7ee2a6353f768489102308b0d98fcf4a04f7f3b5"},
    {file = "numpy-2.2.3-cp313-cp313-manylinux_2_17_aarch64.manylinux2014_aarch64.whl", hash = "sha256:8fb62fe3d206d72fe1cfe31c4a1106ad2b136fcc1606093aeab314f02930fdf2"},
    {file = "numpy-2.2.3-cp313-cp313-manylinux_2_17_x86_64.manylinux2014_x86_64.whl", hash = "sha256:52659ad2534427dffcc36aac76bebdd02b67e3b7a619ac67543bc9bfe6b7cdb1"},
    {file = "numpy-2.2.3-cp313-cp313-musllinux_1_2_aarch64.whl", hash = "sha256:1b416af7d0ed3271cad0f0a0d0bee0911ed7eba23e66f8424d9f3dfcdcae1304"},
    {file = "numpy-2.2.3-cp313-cp313-musllinux_1_2_x86_64.whl", hash = "sha256:1402da8e0f435991983d0a9708b779f95a8c98c6b18a171b9f1be09005e64d9d"},
    {file = "numpy-2.2.3-cp313-cp313-win32.whl", hash = "sha256:136553f123ee2951bfcfbc264acd34a2fc2f29d7cdf610ce7daf672b6fbaa693"},
    {file = "numpy-2.2.3-cp313-cp313-win_amd64.whl", hash = "sha256:5b732c8beef1d7bc2d9e476dbba20aaff6167bf205ad9aa8d30913859e82884b"},
    {file = "numpy-2.2.3-cp313-cp313t-macosx_10_13_x86_64.whl", hash = "sha256:435e7a933b9fda8126130b046975a968cc2d833b505475e588339e09f7672890"},
    {file = "numpy-2.2.3-cp313-cp313t-macosx_11_0_arm64.whl", hash = "sha256:7678556eeb0152cbd1522b684dcd215250885993dd00adb93679ec3c0e6e091c"},
    {file = "numpy-2.2.3-cp313-cp313t-macosx_14_0_arm64.whl", hash = "sha256:2e8da03bd561504d9b20e7a12340870dfc206c64ea59b4cfee9fceb95070ee94"},
    {file = "numpy-2.2.3-cp313-cp313t-macosx_14_0_x86_64.whl", hash = "sha256:c9aa4496fd0e17e3843399f533d62857cef5900facf93e735ef65aa4bbc90ef0"},
    {file = "numpy-2.2.3-cp313-cp313t-manylinux_2_17_aarch64.manylinux2014_aarch64.whl", hash = "sha256:f4ca91d61a4bf61b0f2228f24bbfa6a9facd5f8af03759fe2a655c50ae2c6610"},
    {file = "numpy-2.2.3-cp313-cp313t-manylinux_2_17_x86_64.manylinux2014_x86_64.whl", hash = "sha256:deaa09cd492e24fd9b15296844c0ad1b3c976da7907e1c1ed3a0ad21dded6f76"},
    {file = "numpy-2.2.3-cp313-cp313t-musllinux_1_2_aarch64.whl", hash = "sha256:246535e2f7496b7ac85deffe932896a3577be7af8fb7eebe7146444680297e9a"},
    {file = "numpy-2.2.3-cp313-cp313t-musllinux_1_2_x86_64.whl", hash = "sha256:daf43a3d1ea699402c5a850e5313680ac355b4adc9770cd5cfc2940e7861f1bf"},
    {file = "numpy-2.2.3-cp313-cp313t-win32.whl", hash = "sha256:cf802eef1f0134afb81fef94020351be4fe1d6681aadf9c5e862af6602af64ef"},
    {file = "numpy-2.2.3-cp313-cp313t-win_amd64.whl", hash = "sha256:aee2512827ceb6d7f517c8b85aa5d3923afe8fc7a57d028cffcd522f1c6fd082"},
    {file = "numpy-2.2.3-pp310-pypy310_pp73-macosx_10_15_x86_64.whl", hash = "sha256:3c2ec8a0f51d60f1e9c0c5ab116b7fc104b165ada3f6c58abf881cb2eb16044d"},
    {file = "numpy-2.2.3-pp310-pypy310_pp73-macosx_14_0_x86_64.whl", hash = "sha256:ed2cf9ed4e8ebc3b754d398cba12f24359f018b416c380f577bbae112ca52fc9"},
    {file = "numpy-2.2.3-pp310-pypy310_pp73-manylinux_2_17_x86_64.manylinux2014_x86_64.whl", hash = "sha256:39261798d208c3095ae4f7bc8eaeb3481ea8c6e03dc48028057d3cbdbdb8937e"},
    {file = "numpy-2.2.3-pp310-pypy310_pp73-win_amd64.whl", hash = "sha256:783145835458e60fa97afac25d511d00a1eca94d4a8f3ace9fe2043003c678e4"},
    {file = "numpy-2.2.3.tar.gz", hash = "sha256:dbdc15f0c81611925f382dfa97b3bd0bc2c1ce19d4fe50482cb0ddc12ba30020"},
]

[[package]]
name = "pandas"
version = "2.2.3"
description = "Powerful data structures for data analysis, time series, and statistics"
optional = false
python-versions = ">=3.9"
groups = ["main"]
files = [
    {file = "pandas-2.2.3-cp310-cp310-macosx_10_9_x86_64.whl", hash = "sha256:1948ddde24197a0f7add2bdc4ca83bf2b1ef84a1bc8ccffd95eda17fd836ecb5"},
    {file = "pandas-2.2.3-cp310-cp310-macosx_11_0_arm64.whl", hash = "sha256:381175499d3802cde0eabbaf6324cce0c4f5d52ca6f8c377c29ad442f50f6348"},
    {file = "pandas-2.2.3-cp310-cp310-manylinux2014_aarch64.manylinux_2_17_aarch64.whl", hash = "sha256:d9c45366def9a3dd85a6454c0e7908f2b3b8e9c138f5dc38fed7ce720d8453ed"},
    {file = "pandas-2.2.3-cp310-cp310-manylinux_2_17_x86_64.manylinux2014_x86_64.whl", hash = "sha256:86976a1c5b25ae3f8ccae3a5306e443569ee3c3faf444dfd0f41cda24667ad57"},
    {file = "pandas-2.2.3-cp310-cp310-musllinux_1_2_aarch64.whl", hash = "sha256:b8661b0238a69d7aafe156b7fa86c44b881387509653fdf857bebc5e4008ad42"},
    {file = "pandas-2.2.3-cp310-cp310-musllinux_1_2_x86_64.whl", hash = "sha256:37e0aced3e8f539eccf2e099f65cdb9c8aa85109b0be6e93e2baff94264bdc6f"},
    {file = "pandas-2.2.3-cp310-cp310-win_amd64.whl", hash = "sha256:56534ce0746a58afaf7942ba4863e0ef81c9c50d3f0ae93e9497d6a41a057645"},
    {file = "pandas-2.2.3-cp311-cp311-macosx_10_9_x86_64.whl", hash = "sha256:66108071e1b935240e74525006034333f98bcdb87ea116de573a6a0dccb6c039"},
    {file = "pandas-2.2.3-cp311-cp311-macosx_11_0_arm64.whl", hash = "sha256:7c2875855b0ff77b2a64a0365e24455d9990730d6431b9e0ee18ad8acee13dbd"},
    {file = "pandas-2.2.3-cp311-cp311-manylinux2014_aarch64.manylinux_2_17_aarch64.whl", hash = "sha256:cd8d0c3be0515c12fed0bdbae072551c8b54b7192c7b1fda0ba56059a0179698"},
    {file = "pandas-2.2.3-cp311-cp311-manylinux_2_17_x86_64.manylinux2014_x86_64.whl", hash = "sha256:c124333816c3a9b03fbeef3a9f230ba9a737e9e5bb4060aa2107a86cc0a497fc"},
    {file = "pandas-2.2.3-cp311-cp311-musllinux_1_2_aarch64.whl", hash = "sha256:63cc132e40a2e084cf01adf0775b15ac515ba905d7dcca47e9a251819c575ef3"},
    {file = "pandas-2.2.3-cp311-cp311-musllinux_1_2_x86_64.whl", hash = "sha256:29401dbfa9ad77319367d36940cd8a0b3a11aba16063e39632d98b0e931ddf32"},
    {file = "pandas-2.2.3-cp311-cp311-win_amd64.whl", hash = "sha256:3fc6873a41186404dad67245896a6e440baacc92f5b716ccd1bc9ed2995ab2c5"},
    {file = "pandas-2.2.3-cp312-cp312-macosx_10_9_x86_64.whl", hash = "sha256:b1d432e8d08679a40e2a6d8b2f9770a5c21793a6f9f47fdd52c5ce1948a5a8a9"},
    {file = "pandas-2.2.3-cp312-cp312-macosx_11_0_arm64.whl", hash = "sha256:a5a1595fe639f5988ba6a8e5bc9649af3baf26df3998a0abe56c02609392e0a4"},
    {file = "pandas-2.2.3-cp312-cp312-manylinux2014_aarch64.manylinux_2_17_aarch64.whl", hash = "sha256:5de54125a92bb4d1c051c0659e6fcb75256bf799a732a87184e5ea503965bce3"},
    {file = "pandas-2.2.3-cp312-cp312-manylinux_2_17_x86_64.manylinux2014_x86_64.whl", hash = "sha256:fffb8ae78d8af97f849404f21411c95062db1496aeb3e56f146f0355c9989319"},
    {file = "pandas-2.2.3-cp312-cp312-musllinux_1_2_aarch64.whl", hash = "sha256:6dfcb5ee8d4d50c06a51c2fffa6cff6272098ad6540aed1a76d15fb9318194d8"},
    {file = "pandas-2.2.3-cp312-cp312-musllinux_1_2_x86_64.whl", hash = "sha256:062309c1b9ea12a50e8ce661145c6aab431b1e99530d3cd60640e255778bd43a"},
    {file = "pandas-2.2.3-cp312-cp312-win_amd64.whl", hash = "sha256:59ef3764d0fe818125a5097d2ae867ca3fa64df032331b7e0917cf5d7bf66b13"},
    {file = "pandas-2.2.3-cp313-cp313-macosx_10_13_x86_64.whl", hash = "sha256:f00d1345d84d8c86a63e476bb4955e46458b304b9575dcf71102b5c705320015"},
    {file = "pandas-2.2.3-cp313-cp313-macosx_11_0_arm64.whl", hash = "sha256:3508d914817e153ad359d7e069d752cdd736a247c322d932eb89e6bc84217f28"},
    {file = "pandas-2.2.3-cp313-cp313-manylinux2014_aarch64.manylinux_2_17_aarch64.whl", hash = "sha256:22a9d949bfc9a502d320aa04e5d02feab689d61da4e7764b62c30b991c42c5f0"},
    {file = "pandas-2.2.3-cp313-cp313-manylinux_2_17_x86_64.manylinux2014_x86_64.whl", hash = "sha256:f3a255b2c19987fbbe62a9dfd6cff7ff2aa9ccab3fc75218fd4b7530f01efa24"},
    {file = "pandas-2.2.3-cp313-cp313-musllinux_1_2_aarch64.whl", hash = "sha256:800250ecdadb6d9c78eae4990da62743b857b470883fa27f652db8bdde7f6659"},
    {file = "pandas-2.2.3-cp313-cp313-musllinux_1_2_x86_64.whl", hash = "sha256:6374c452ff3ec675a8f46fd9ab25c4ad0ba590b71cf0656f8b6daa5202bca3fb"},
    {file = "pandas-2.2.3-cp313-cp313-win_amd64.whl", hash = "sha256:61c5ad4043f791b61dd4752191d9f07f0ae412515d59ba8f005832a532f8736d"},
    {file = "pandas-2.2.3-cp313-cp313t-macosx_10_13_x86_64.whl", hash = "sha256:3b71f27954685ee685317063bf13c7709a7ba74fc996b84fc6821c59b0f06468"},
    {file = "pandas-2.2.3-cp313-cp313t-macosx_11_0_arm64.whl", hash = "sha256:38cf8125c40dae9d5acc10fa66af8ea6fdf760b2714ee482ca691fc66e6fcb18"},
    {file = "pandas-2.2.3-cp313-cp313t-manylinux2014_aarch64.manylinux_2_17_aarch64.whl", hash = "sha256:ba96630bc17c875161df3818780af30e43be9b166ce51c9a18c1feae342906c2"},
    {file = "pandas-2.2.3-cp313-cp313t-manylinux_2_17_x86_64.manylinux2014_x86_64.whl", hash = "sha256:1db71525a1538b30142094edb9adc10be3f3e176748cd7acc2240c2f2e5aa3a4"},
    {file = "pandas-2.2.3-cp313-cp313t-musllinux_1_2_aarch64.whl", hash = "sha256:15c0e1e02e93116177d29ff83e8b1619c93ddc9c49083f237d4312337a61165d"},
    {file = "pandas-2.2.3-cp313-cp313t-musllinux_1_2_x86_64.whl", hash = "sha256:ad5b65698ab28ed8d7f18790a0dc58005c7629f227be9ecc1072aa74c0c1d43a"},
    {file = "pandas-2.2.3-cp39-cp39-macosx_10_9_x86_64.whl", hash = "sha256:bc6b93f9b966093cb0fd62ff1a7e4c09e6d546ad7c1de191767baffc57628f39"},
    {file = "pandas-2.2.3-cp39-cp39-macosx_11_0_arm64.whl", hash = "sha256:5dbca4c1acd72e8eeef4753eeca07de9b1db4f398669d5994086f788a5d7cc30"},
    {file = "pandas-2.2.3-cp39-cp39-manylinux2014_aarch64.manylinux_2_17_aarch64.whl", hash = "sha256:8cd6d7cc958a3910f934ea8dbdf17b2364827bb4dafc38ce6eef6bb3d65ff09c"},
    {file = "pandas-2.2.3-cp39-cp39-manylinux_2_17_x86_64.manylinux2014_x86_64.whl", hash = "sha256:99df71520d25fade9db7c1076ac94eb994f4d2673ef2aa2e86ee039b6746d20c"},
    {file = "pandas-2.2.3-cp39-cp39-musllinux_1_2_aarch64.whl", hash = "sha256:31d0ced62d4ea3e231a9f228366919a5ea0b07440d9d4dac345376fd8e1477ea"},
    {file = "pandas-2.2.3-cp39-cp39-musllinux_1_2_x86_64.whl", hash = "sha256:7eee9e7cea6adf3e3d24e304ac6b8300646e2a5d1cd3a3c2abed9101b0846761"},
    {file = "pandas-2.2.3-cp39-cp39-win_amd64.whl", hash = "sha256:4850ba03528b6dd51d6c5d273c46f183f39a9baf3f0143e566b89450965b105e"},
    {file = "pandas-2.2.3.tar.gz", hash = "sha256:4f18ba62b61d7e192368b84517265a99b4d7ee8912f8708660fb4a366cc82667"},
]

[package.dependencies]
numpy = {version = ">=1.26.0", markers = "python_version >= \"3.12\""}
python-dateutil = ">=2.8.2"
pytz = ">=2020.1"
tzdata = ">=2022.7"

[package.extras]
all = ["PyQt5 (>=5.15.9)", "SQLAlchemy (>=2.0.0)", "adbc-driver-postgresql (>=0.8.0)", "adbc-driver-sqlite (>=0.8.0)", "beautifulsoup4 (>=4.11.2)", "bottleneck (>=1.3.6)", "dataframe-api-compat (>=0.1.7)", "fastparquet (>=2022.12.0)", "fsspec (>=2022.11.0)", "gcsfs (>=2022.11.0)", "html5lib (>=1.1)", "hypothesis (>=6.46.1)", "jinja2 (>=3.1.2)", "lxml (>=4.9.2)", "matplotlib (>=3.6.3)", "numba (>=0.56.4)", "numexpr (>=2.8.4)", "odfpy (>=1.4.1)", "openpyxl (>=3.1.0)", "pandas-gbq (>=0.19.0)", "psycopg2 (>=2.9.6)", "pyarrow (>=10.0.1)", "pymysql (>=1.0.2)", "pyreadstat (>=1.2.0)", "pytest (>=7.3.2)", "pytest-xdist (>=2.2.0)", "python-calamine (>=0.1.7)", "pyxlsb (>=1.0.10)", "qtpy (>=2.3.0)", "s3fs (>=2022.11.0)", "scipy (>=1.10.0)", "tables (>=3.8.0)", "tabulate (>=0.9.0)", "xarray (>=2022.12.0)", "xlrd (>=2.0.1)", "xlsxwriter (>=3.0.5)", "zstandard (>=0.19.0)"]
aws = ["s3fs (>=2022.11.0)"]
clipboard = ["PyQt5 (>=5.15.9)", "qtpy (>=2.3.0)"]
compression = ["zstandard (>=0.19.0)"]
computation = ["scipy (>=1.10.0)", "xarray (>=2022.12.0)"]
consortium-standard = ["dataframe-api-compat (>=0.1.7)"]
excel = ["odfpy (>=1.4.1)", "openpyxl (>=3.1.0)", "python-calamine (>=0.1.7)", "pyxlsb (>=1.0.10)", "xlrd (>=2.0.1)", "xlsxwriter (>=3.0.5)"]
feather = ["pyarrow (>=10.0.1)"]
fss = ["fsspec (>=2022.11.0)"]
gcp = ["gcsfs (>=2022.11.0)", "pandas-gbq (>=0.19.0)"]
hdf5 = ["tables (>=3.8.0)"]
html = ["beautifulsoup4 (>=4.11.2)", "html5lib (>=1.1)", "lxml (>=4.9.2)"]
mysql = ["SQLAlchemy (>=2.0.0)", "pymysql (>=1.0.2)"]
output-formatting = ["jinja2 (>=3.1.2)", "tabulate (>=0.9.0)"]
parquet = ["pyarrow (>=10.0.1)"]
performance = ["bottleneck (>=1.3.6)", "numba (>=0.56.4)", "numexpr (>=2.8.4)"]
plot = ["matplotlib (>=3.6.3)"]
postgresql = ["SQLAlchemy (>=2.0.0)", "adbc-driver-postgresql (>=0.8.0)", "psycopg2 (>=2.9.6)"]
pyarrow = ["pyarrow (>=10.0.1)"]
spss = ["pyreadstat (>=1.2.0)"]
sql-other = ["SQLAlchemy (>=2.0.0)", "adbc-driver-postgresql (>=0.8.0)", "adbc-driver-sqlite (>=0.8.0)"]
test = ["hypothesis (>=6.46.1)", "pytest (>=7.3.2)", "pytest-xdist (>=2.2.0)"]
xml = ["lxml (>=4.9.2)"]

[[package]]
name = "psycopg2-binary"
version = "2.9.10"
description = "psycopg2 - Python-PostgreSQL Database Adapter"
optional = false
python-versions = ">=3.8"
groups = ["main"]
files = [
    {file = "psycopg2-binary-2.9.10.tar.gz", hash = "sha256:4b3df0e6990aa98acda57d983942eff13d824135fe2250e6522edaa782a06de2"},
    {file = "psycopg2_binary-2.9.10-cp310-cp310-macosx_12_0_x86_64.whl", hash = "sha256:0ea8e3d0ae83564f2fc554955d327fa081d065c8ca5cc6d2abb643e2c9c1200f"},
    {file = "psycopg2_binary-2.9.10-cp310-cp310-macosx_14_0_arm64.whl", hash = "sha256:3e9c76f0ac6f92ecfc79516a8034a544926430f7b080ec5a0537bca389ee0906"},
    {file = "psycopg2_binary-2.9.10-cp310-cp310-manylinux_2_17_aarch64.manylinux2014_aarch64.whl", hash = "sha256:2ad26b467a405c798aaa1458ba09d7e2b6e5f96b1ce0ac15d82fd9f95dc38a92"},
    {file = "psycopg2_binary-2.9.10-cp310-cp310-manylinux_2_17_i686.manylinux2014_i686.whl", hash = "sha256:270934a475a0e4b6925b5f804e3809dd5f90f8613621d062848dd82f9cd62007"},
    {file = "psycopg2_binary-2.9.10-cp310-cp310-manylinux_2_17_ppc64le.manylinux2014_ppc64le.whl", hash = "sha256:48b338f08d93e7be4ab2b5f1dbe69dc5e9ef07170fe1f86514422076d9c010d0"},
    {file = "psycopg2_binary-2.9.10-cp310-cp310-manylinux_2_17_x86_64.manylinux2014_x86_64.whl", hash = "sha256:7f4152f8f76d2023aac16285576a9ecd2b11a9895373a1f10fd9db54b3ff06b4"},
    {file = "psycopg2_binary-2.9.10-cp310-cp310-musllinux_1_2_aarch64.whl", hash = "sha256:32581b3020c72d7a421009ee1c6bf4a131ef5f0a968fab2e2de0c9d2bb4577f1"},
    {file = "psycopg2_binary-2.9.10-cp310-cp310-musllinux_1_2_i686.whl", hash = "sha256:2ce3e21dc3437b1d960521eca599d57408a695a0d3c26797ea0f72e834c7ffe5"},
    {file = "psycopg2_binary-2.9.10-cp310-cp310-musllinux_1_2_ppc64le.whl", hash = "sha256:e984839e75e0b60cfe75e351db53d6db750b00de45644c5d1f7ee5d1f34a1ce5"},
    {file = "psycopg2_binary-2.9.10-cp310-cp310-musllinux_1_2_x86_64.whl", hash = "sha256:3c4745a90b78e51d9ba06e2088a2fe0c693ae19cc8cb051ccda44e8df8a6eb53"},
    {file = "psycopg2_binary-2.9.10-cp310-cp310-win32.whl", hash = "sha256:e5720a5d25e3b99cd0dc5c8a440570469ff82659bb09431c1439b92caf184d3b"},
    {file = "psycopg2_binary-2.9.10-cp310-cp310-win_amd64.whl", hash = "sha256:3c18f74eb4386bf35e92ab2354a12c17e5eb4d9798e4c0ad3a00783eae7cd9f1"},
    {file = "psycopg2_binary-2.9.10-cp311-cp311-macosx_12_0_x86_64.whl", hash = "sha256:04392983d0bb89a8717772a193cfaac58871321e3ec69514e1c4e0d4957b5aff"},
    {file = "psycopg2_binary-2.9.10-cp311-cp311-macosx_14_0_arm64.whl", hash = "sha256:1a6784f0ce3fec4edc64e985865c17778514325074adf5ad8f80636cd029ef7c"},
    {file = "psycopg2_binary-2.9.10-cp311-cp311-manylinux_2_17_aarch64.manylinux2014_aarch64.whl", hash = "sha256:b5f86c56eeb91dc3135b3fd8a95dc7ae14c538a2f3ad77a19645cf55bab1799c"},
    {file = "psycopg2_binary-2.9.10-cp311-cp311-manylinux_2_17_i686.manylinux2014_i686.whl", hash = "sha256:2b3d2491d4d78b6b14f76881905c7a8a8abcf974aad4a8a0b065273a0ed7a2cb"},
    {file = "psycopg2_binary-2.9.10-cp311-cp311-manylinux_2_17_ppc64le.manylinux2014_ppc64le.whl", hash = "sha256:2286791ececda3a723d1910441c793be44625d86d1a4e79942751197f4d30341"},
    {file = "psycopg2_binary-2.9.10-cp311-cp311-manylinux_2_17_x86_64.manylinux2014_x86_64.whl", hash = "sha256:512d29bb12608891e349af6a0cccedce51677725a921c07dba6342beaf576f9a"},
    {file = "psycopg2_binary-2.9.10-cp311-cp311-musllinux_1_2_aarch64.whl", hash = "sha256:5a507320c58903967ef7384355a4da7ff3f28132d679aeb23572753cbf2ec10b"},
    {file = "psycopg2_binary-2.9.10-cp311-cp311-musllinux_1_2_i686.whl", hash = "sha256:6d4fa1079cab9018f4d0bd2db307beaa612b0d13ba73b5c6304b9fe2fb441ff7"},
    {file = "psycopg2_binary-2.9.10-cp311-cp311-musllinux_1_2_ppc64le.whl", hash = "sha256:851485a42dbb0bdc1edcdabdb8557c09c9655dfa2ca0460ff210522e073e319e"},
    {file = "psycopg2_binary-2.9.10-cp311-cp311-musllinux_1_2_x86_64.whl", hash = "sha256:35958ec9e46432d9076286dda67942ed6d968b9c3a6a2fd62b48939d1d78bf68"},
    {file = "psycopg2_binary-2.9.10-cp311-cp311-win32.whl", hash = "sha256:ecced182e935529727401b24d76634a357c71c9275b356efafd8a2a91ec07392"},
    {file = "psycopg2_binary-2.9.10-cp311-cp311-win_amd64.whl", hash = "sha256:ee0e8c683a7ff25d23b55b11161c2663d4b099770f6085ff0a20d4505778d6b4"},
    {file = "psycopg2_binary-2.9.10-cp312-cp312-macosx_12_0_x86_64.whl", hash = "sha256:880845dfe1f85d9d5f7c412efea7a08946a46894537e4e5d091732eb1d34d9a0"},
    {file = "psycopg2_binary-2.9.10-cp312-cp312-macosx_14_0_arm64.whl", hash = "sha256:9440fa522a79356aaa482aa4ba500b65f28e5d0e63b801abf6aa152a29bd842a"},
    {file = "psycopg2_binary-2.9.10-cp312-cp312-manylinux_2_17_aarch64.manylinux2014_aarch64.whl", hash = "sha256:e3923c1d9870c49a2d44f795df0c889a22380d36ef92440ff618ec315757e539"},
    {file = "psycopg2_binary-2.9.10-cp312-cp312-manylinux_2_17_i686.manylinux2014_i686.whl", hash = "sha256:7b2c956c028ea5de47ff3a8d6b3cc3330ab45cf0b7c3da35a2d6ff8420896526"},
    {file = "psycopg2_binary-2.9.10-cp312-cp312-manylinux_2_17_ppc64le.manylinux2014_ppc64le.whl", hash = "sha256:f758ed67cab30b9a8d2833609513ce4d3bd027641673d4ebc9c067e4d208eec1"},
    {file = "psycopg2_binary-2.9.10-cp312-cp312-manylinux_2_17_x86_64.manylinux2014_x86_64.whl", hash = "sha256:8cd9b4f2cfab88ed4a9106192de509464b75a906462fb846b936eabe45c2063e"},
    {file = "psycopg2_binary-2.9.10-cp312-cp312-musllinux_1_2_aarch64.whl", hash = "sha256:6dc08420625b5a20b53551c50deae6e231e6371194fa0651dbe0fb206452ae1f"},
    {file = "psycopg2_binary-2.9.10-cp312-cp312-musllinux_1_2_i686.whl", hash = "sha256:d7cd730dfa7c36dbe8724426bf5612798734bff2d3c3857f36f2733f5bfc7c00"},
    {file = "psycopg2_binary-2.9.10-cp312-cp312-musllinux_1_2_ppc64le.whl", hash = "sha256:155e69561d54d02b3c3209545fb08938e27889ff5a10c19de8d23eb5a41be8a5"},
    {file = "psycopg2_binary-2.9.10-cp312-cp312-musllinux_1_2_x86_64.whl", hash = "sha256:c3cc28a6fd5a4a26224007712e79b81dbaee2ffb90ff406256158ec4d7b52b47"},
    {file = "psycopg2_binary-2.9.10-cp312-cp312-win32.whl", hash = "sha256:ec8a77f521a17506a24a5f626cb2aee7850f9b69a0afe704586f63a464f3cd64"},
    {file = "psycopg2_binary-2.9.10-cp312-cp312-win_amd64.whl", hash = "sha256:18c5ee682b9c6dd3696dad6e54cc7ff3a1a9020df6a5c0f861ef8bfd338c3ca0"},
    {file = "psycopg2_binary-2.9.10-cp313-cp313-macosx_12_0_x86_64.whl", hash = "sha256:26540d4a9a4e2b096f1ff9cce51253d0504dca5a85872c7f7be23be5a53eb18d"},
    {file = "psycopg2_binary-2.9.10-cp313-cp313-macosx_14_0_arm64.whl", hash = "sha256:e217ce4d37667df0bc1c397fdcd8de5e81018ef305aed9415c3b093faaeb10fb"},
    {file = "psycopg2_binary-2.9.10-cp313-cp313-manylinux_2_17_aarch64.manylinux2014_aarch64.whl", hash = "sha256:245159e7ab20a71d989da00f280ca57da7641fa2cdcf71749c193cea540a74f7"},
    {file = "psycopg2_binary-2.9.10-cp313-cp313-manylinux_2_17_i686.manylinux2014_i686.whl", hash = "sha256:3c4ded1a24b20021ebe677b7b08ad10bf09aac197d6943bfe6fec70ac4e4690d"},
    {file = "psycopg2_binary-2.9.10-cp313-cp313-manylinux_2_17_ppc64le.manylinux2014_ppc64le.whl", hash = "sha256:3abb691ff9e57d4a93355f60d4f4c1dd2d68326c968e7db17ea96df3c023ef73"},
    {file = "psycopg2_binary-2.9.10-cp313-cp313-manylinux_2_17_x86_64.manylinux2014_x86_64.whl", hash = "sha256:8608c078134f0b3cbd9f89b34bd60a943b23fd33cc5f065e8d5f840061bd0673"},
    {file = "psycopg2_binary-2.9.10-cp313-cp313-musllinux_1_2_aarch64.whl", hash = "sha256:230eeae2d71594103cd5b93fd29d1ace6420d0b86f4778739cb1a5a32f607d1f"},
    {file = "psycopg2_binary-2.9.10-cp313-cp313-musllinux_1_2_i686.whl", hash = "sha256:bb89f0a835bcfc1d42ccd5f41f04870c1b936d8507c6df12b7737febc40f0909"},
    {file = "psycopg2_binary-2.9.10-cp313-cp313-musllinux_1_2_ppc64le.whl", hash = "sha256:f0c2d907a1e102526dd2986df638343388b94c33860ff3bbe1384130828714b1"},
    {file = "psycopg2_binary-2.9.10-cp313-cp313-musllinux_1_2_x86_64.whl", hash = "sha256:f8157bed2f51db683f31306aa497311b560f2265998122abe1dce6428bd86567"},
    {file = "psycopg2_binary-2.9.10-cp313-cp313-win_amd64.whl", hash = "sha256:27422aa5f11fbcd9b18da48373eb67081243662f9b46e6fd07c3eb46e4535142"},
    {file = "psycopg2_binary-2.9.10-cp38-cp38-macosx_12_0_x86_64.whl", hash = "sha256:eb09aa7f9cecb45027683bb55aebaaf45a0df8bf6de68801a6afdc7947bb09d4"},
    {file = "psycopg2_binary-2.9.10-cp38-cp38-manylinux_2_17_aarch64.manylinux2014_aarch64.whl", hash = "sha256:b73d6d7f0ccdad7bc43e6d34273f70d587ef62f824d7261c4ae9b8b1b6af90e8"},
    {file = "psycopg2_binary-2.9.10-cp38-cp38-manylinux_2_17_i686.manylinux2014_i686.whl", hash = "sha256:ce5ab4bf46a211a8e924d307c1b1fcda82368586a19d0a24f8ae166f5c784864"},
    {file = "psycopg2_binary-2.9.10-cp38-cp38-manylinux_2_17_ppc64le.manylinux2014_ppc64le.whl", hash = "sha256:056470c3dc57904bbf63d6f534988bafc4e970ffd50f6271fc4ee7daad9498a5"},
    {file = "psycopg2_binary-2.9.10-cp38-cp38-manylinux_2_17_x86_64.manylinux2014_x86_64.whl", hash = "sha256:73aa0e31fa4bb82578f3a6c74a73c273367727de397a7a0f07bd83cbea696baa"},
    {file = "psycopg2_binary-2.9.10-cp38-cp38-musllinux_1_2_aarch64.whl", hash = "sha256:8de718c0e1c4b982a54b41779667242bc630b2197948405b7bd8ce16bcecac92"},
    {file = "psycopg2_binary-2.9.10-cp38-cp38-musllinux_1_2_i686.whl", hash = "sha256:5c370b1e4975df846b0277b4deba86419ca77dbc25047f535b0bb03d1a544d44"},
    {file = "psycopg2_binary-2.9.10-cp38-cp38-musllinux_1_2_ppc64le.whl", hash = "sha256:ffe8ed017e4ed70f68b7b371d84b7d4a790368db9203dfc2d222febd3a9c8863"},
    {file = "psycopg2_binary-2.9.10-cp38-cp38-musllinux_1_2_x86_64.whl", hash = "sha256:8aecc5e80c63f7459a1a2ab2c64df952051df196294d9f739933a9f6687e86b3"},
    {file = "psycopg2_binary-2.9.10-cp39-cp39-macosx_12_0_x86_64.whl", hash = "sha256:7a813c8bdbaaaab1f078014b9b0b13f5de757e2b5d9be6403639b298a04d218b"},
    {file = "psycopg2_binary-2.9.10-cp39-cp39-manylinux_2_17_aarch64.manylinux2014_aarch64.whl", hash = "sha256:d00924255d7fc916ef66e4bf22f354a940c67179ad3fd7067d7a0a9c84d2fbfc"},
    {file = "psycopg2_binary-2.9.10-cp39-cp39-manylinux_2_17_i686.manylinux2014_i686.whl", hash = "sha256:7559bce4b505762d737172556a4e6ea8a9998ecac1e39b5233465093e8cee697"},
    {file = "psycopg2_binary-2.9.10-cp39-cp39-manylinux_2_17_ppc64le.manylinux2014_ppc64le.whl", hash = "sha256:e8b58f0a96e7a1e341fc894f62c1177a7c83febebb5ff9123b579418fdc8a481"},
    {file = "psycopg2_binary-2.9.10-cp39-cp39-manylinux_2_17_x86_64.manylinux2014_x86_64.whl", hash = "sha256:6b269105e59ac96aba877c1707c600ae55711d9dcd3fc4b5012e4af68e30c648"},
    {file = "psycopg2_binary-2.9.10-cp39-cp39-musllinux_1_2_aarch64.whl", hash = "sha256:79625966e176dc97ddabc142351e0409e28acf4660b88d1cf6adb876d20c490d"},
    {file = "psycopg2_binary-2.9.10-cp39-cp39-musllinux_1_2_i686.whl", hash = "sha256:8aabf1c1a04584c168984ac678a668094d831f152859d06e055288fa515e4d30"},
    {file = "psycopg2_binary-2.9.10-cp39-cp39-musllinux_1_2_ppc64le.whl", hash = "sha256:19721ac03892001ee8fdd11507e6a2e01f4e37014def96379411ca99d78aeb2c"},
    {file = "psycopg2_binary-2.9.10-cp39-cp39-musllinux_1_2_x86_64.whl", hash = "sha256:7f5d859928e635fa3ce3477704acee0f667b3a3d3e4bb109f2b18d4005f38287"},
    {file = "psycopg2_binary-2.9.10-cp39-cp39-win32.whl", hash = "sha256:3216ccf953b3f267691c90c6fe742e45d890d8272326b4a8b20850a03d05b7b8"},
    {file = "psycopg2_binary-2.9.10-cp39-cp39-win_amd64.whl", hash = "sha256:30e34c4e97964805f715206c7b789d54a78b70f3ff19fbe590104b71c45600e5"},
]

[[package]]
name = "py4j"
version = "0.10.9.7"
description = "Enables Python programs to dynamically access arbitrary Java objects"
optional = false
python-versions = "*"
groups = ["main"]
files = [
    {file = "py4j-0.10.9.7-py2.py3-none-any.whl", hash = "sha256:85defdfd2b2376eb3abf5ca6474b51ab7e0de341c75a02f46dc9b5976f5a5c1b"},
    {file = "py4j-0.10.9.7.tar.gz", hash = "sha256:0b6e5315bb3ada5cf62ac651d107bb2ebc02def3dee9d9548e3baac644ea8dbb"},
]

[[package]]
name = "pymongo"
version = "4.11.1"
description = "Python driver for MongoDB <http://www.mongodb.org>"
optional = false
python-versions = ">=3.9"
groups = ["main"]
files = [
    {file = "pymongo-4.11.1-cp310-cp310-macosx_10_9_x86_64.whl", hash = "sha256:e596caec72db62a3f438559dfa46d22faefea1967279f553f936ddcb873903df"},
    {file = "pymongo-4.11.1-cp310-cp310-macosx_11_0_arm64.whl", hash = "sha256:15a88b25efcd61c5e539e9204932849b20f393efa330771676e860c4466fe8ad"},
    {file = "pymongo-4.11.1-cp310-cp310-manylinux_2_17_aarch64.manylinux2014_aarch64.whl", hash = "sha256:e7073a740aad257f9d2c12cb95a08f17db1f273d422e7ddfed9895738571cac7"},
    {file = "pymongo-4.11.1-cp310-cp310-manylinux_2_17_ppc64le.manylinux2014_ppc64le.whl", hash = "sha256:25b7cadae1d5287b2eed3d901a347f3fa9bc3f898532e1cb7f28a1c9237d824d"},
    {file = "pymongo-4.11.1-cp310-cp310-manylinux_2_17_s390x.manylinux2014_s390x.whl", hash = "sha256:3fe9589d9a83f6e2abe88f32daa410276eddd038eb8f8f75975cf8ce834cea1f"},
    {file = "pymongo-4.11.1-cp310-cp310-manylinux_2_17_x86_64.manylinux2014_x86_64.whl", hash = "sha256:1cc6d48b74e9abe544dd71b000453ad06e65cbfcfd57c7342a9f012f65532eb2"},
    {file = "pymongo-4.11.1-cp310-cp310-manylinux_2_5_i686.manylinux1_i686.manylinux_2_17_i686.manylinux2014_i686.whl", hash = "sha256:1518931a4a26d3cb31a97b9187087c6378cd0b0401d7a7cc160e92223a2a3059"},
    {file = "pymongo-4.11.1-cp310-cp310-win32.whl", hash = "sha256:163c887384cb9fd16e0463128600867138a5a9a5344fc0903db08494b39a2d6e"},
    {file = "pymongo-4.11.1-cp310-cp310-win_amd64.whl", hash = "sha256:e147e08df329a7d23cbcb6213bc2fd360e51551626be828092fe2027f3473abc"},
    {file = "pymongo-4.11.1-cp311-cp311-macosx_10_9_x86_64.whl", hash = "sha256:8ac125f2782d8fe3f3ff93a396af5482d694093b3be3e06052197096c83acadc"},
    {file = "pymongo-4.11.1-cp311-cp311-macosx_11_0_arm64.whl", hash = "sha256:681806d3ecaf29b11e16a45c1f4c28f99d9d8283238f7b6ea9eee93b5d7bc6d2"},
    {file = "pymongo-4.11.1-cp311-cp311-manylinux_2_17_aarch64.manylinux2014_aarch64.whl", hash = "sha256:50210249a9bf67937e97205a312b96a4b1250b111cbaaff532d7a61bc2b1562d"},
    {file = "pymongo-4.11.1-cp311-cp311-manylinux_2_17_ppc64le.manylinux2014_ppc64le.whl", hash = "sha256:cdd0e404d5c3b1203ee61fcfee40a1f062f3780ce272febdc2378797b00401d1"},
    {file = "pymongo-4.11.1-cp311-cp311-manylinux_2_17_s390x.manylinux2014_s390x.whl", hash = "sha256:e6e46bcd3c2f86f442b721551ed5e5812294e4a93fce42517e173bd41d4cd2d8"},
    {file = "pymongo-4.11.1-cp311-cp311-manylinux_2_17_x86_64.manylinux2014_x86_64.whl", hash = "sha256:f28d179e7d434869e23f4582c941cb400f75e996cfea472693ec756ee213c685"},
    {file = "pymongo-4.11.1-cp311-cp311-manylinux_2_5_i686.manylinux1_i686.manylinux_2_17_i686.manylinux2014_i686.whl", hash = "sha256:b56dbb6883ce7adad8588464948e0723a3d881e5549f48c4767f1654e8e4cb7d"},
    {file = "pymongo-4.11.1-cp311-cp311-win32.whl", hash = "sha256:27bc58e0b1bebb17d2426d0cc191c579f2eeaf9692be880f93fe4180cf850ca7"},
    {file = "pymongo-4.11.1-cp311-cp311-win_amd64.whl", hash = "sha256:7751e6e99c79057b09441c6ab2a93fae10b4028478aac5b455db8b12f884a3c0"},
    {file = "pymongo-4.11.1-cp312-cp312-macosx_10_13_x86_64.whl", hash = "sha256:f96683f1dec7d28f12fe43a4d5c0df35d6b80348a9fbf5aac47fa284332a1f92"},
    {file = "pymongo-4.11.1-cp312-cp312-macosx_11_0_arm64.whl", hash = "sha256:157e6a722d051c4bab3e6bc34a1f80fc98101cf2d12139a94e51638d023198c5"},
    {file = "pymongo-4.11.1-cp312-cp312-manylinux_2_17_aarch64.manylinux2014_aarch64.whl", hash = "sha256:74503e853758e1eaa1cad2df9c08c8c35a3d26222cf6426d2cde4b2e8593b9b3"},
    {file = "pymongo-4.11.1-cp312-cp312-manylinux_2_17_ppc64le.manylinux2014_ppc64le.whl", hash = "sha256:b630596089106c968ddd252bde3fe692c420e24f214dd39ca517d26343d81012"},
    {file = "pymongo-4.11.1-cp312-cp312-manylinux_2_17_s390x.manylinux2014_s390x.whl", hash = "sha256:7007669eef871079d39a9bbcda0fbcd4252f9b575592804343d0b5c05849d65b"},
    {file = "pymongo-4.11.1-cp312-cp312-manylinux_2_17_x86_64.manylinux2014_x86_64.whl", hash = "sha256:488d1da6201e1350cfcd4deab599b32237ac2ac591180d44553a2c8e614f2c0e"},
    {file = "pymongo-4.11.1-cp312-cp312-manylinux_2_5_i686.manylinux1_i686.manylinux_2_17_i686.manylinux2014_i686.whl", hash = "sha256:908e65ab42cd4bf1ffeaafe8f11bb86b3f804d54227058794e33fff2963ccc86"},
    {file = "pymongo-4.11.1-cp312-cp312-win32.whl", hash = "sha256:2d1d956c15dd05f1e41c61f0dbcaec59f274db4814cff2c3d9c2508f58004c39"},
    {file = "pymongo-4.11.1-cp312-cp312-win_amd64.whl", hash = "sha256:c71655f4188c70032ba56ac7ead688449e4f86a4ccd8e57201ee283f2f591e1d"},
    {file = "pymongo-4.11.1-cp313-cp313-macosx_10_13_x86_64.whl", hash = "sha256:f845b46d77a5bcf0c9ee16f11c5bc84c63f4668d9ea4fc54cd923c8d48a1d521"},
    {file = "pymongo-4.11.1-cp313-cp313-macosx_11_0_arm64.whl", hash = "sha256:aadea45e01103f6ee4e80d76d4a27393a4e2bd93472ce4ebb894781f395e1053"},
    {file = "pymongo-4.11.1-cp313-cp313-manylinux_2_17_aarch64.manylinux2014_aarch64.whl", hash = "sha256:a63348c850df796199abef7e9afbd86c34449f56731c7ec70b3901df1f5c135b"},
    {file = "pymongo-4.11.1-cp313-cp313-manylinux_2_17_ppc64le.manylinux2014_ppc64le.whl", hash = "sha256:7dd7656794bfbfbe10723813332ec33eed29bd9bb7fc122c63829fd445eb8425"},
    {file = "pymongo-4.11.1-cp313-cp313-manylinux_2_17_s390x.manylinux2014_s390x.whl", hash = "sha256:7146ae04300ce6f83b75c639e97c3d0ce873f30edaac4b719ae173e886b9ff90"},
    {file = "pymongo-4.11.1-cp313-cp313-manylinux_2_17_x86_64.manylinux2014_x86_64.whl", hash = "sha256:698fb3d13126c0719077c98b40378cb9a6f4ab4a72b7691779aa01f1f6c66493"},
    {file = "pymongo-4.11.1-cp313-cp313-manylinux_2_5_i686.manylinux1_i686.manylinux_2_17_i686.manylinux2014_i686.whl", hash = "sha256:f415d9569720f408cc4dcc171f60299d454b0414f120666e6fdd349d414bf010"},
    {file = "pymongo-4.11.1-cp313-cp313-win32.whl", hash = "sha256:4aa2c40e391ca29a337bef2b46b495c3f24b5696a87a58f0a0676a8bf131f9f8"},
    {file = "pymongo-4.11.1-cp313-cp313-win_amd64.whl", hash = "sha256:1f871efa14a1f368559edff39ec03799ca108bfa8e1ba330b7ffc05eb958661f"},
    {file = "pymongo-4.11.1-cp313-cp313t-macosx_10_13_x86_64.whl", hash = "sha256:d293cec18624825937bd7f1d8bacf16104c79ced45a8ada93f08ec8a7a2ad17a"},
    {file = "pymongo-4.11.1-cp313-cp313t-macosx_11_0_arm64.whl", hash = "sha256:7b3ea3494f3e166a524529bb05a4fdda97afd77031fed3a63862fd815288c9df"},
    {file = "pymongo-4.11.1-cp313-cp313t-manylinux_2_17_aarch64.manylinux2014_aarch64.whl", hash = "sha256:d12f4c4579076b7351c63378e22f43d4ce4ed4f2c93208b653c4752f18f47309"},
    {file = "pymongo-4.11.1-cp313-cp313t-manylinux_2_17_ppc64le.manylinux2014_ppc64le.whl", hash = "sha256:0a8aba4818350d2a463e084ae2426d395e725525fe86bd0219240b265dc1ca52"},
    {file = "pymongo-4.11.1-cp313-cp313t-manylinux_2_17_s390x.manylinux2014_s390x.whl", hash = "sha256:f97f62e6edde15d1d3d08abd7e43f1787ee9e672b1bb8e9d9f5fd6ded24f5599"},
    {file = "pymongo-4.11.1-cp313-cp313t-manylinux_2_17_x86_64.manylinux2014_x86_64.whl", hash = "sha256:8a4e82dce301c97bb132dec28a487c1a609dc67948e9db7cbd23485875367204"},
    {file = "pymongo-4.11.1-cp313-cp313t-manylinux_2_5_i686.manylinux1_i686.manylinux_2_17_i686.manylinux2014_i686.whl", hash = "sha256:985a614ec24519f4a3d82aafb766c3f782a452fc46b32112d508a4e19b33fff3"},
    {file = "pymongo-4.11.1-cp313-cp313t-win32.whl", hash = "sha256:889d20850d5aaa4f19814462c06488553e70ed4c62195dbaad5d5662884778af"},
    {file = "pymongo-4.11.1-cp313-cp313t-win_amd64.whl", hash = "sha256:3854db4be39cb9e0c34add1fd7e515deab0b4ee30f3cc3978e057746d119ac12"},
    {file = "pymongo-4.11.1-cp39-cp39-macosx_10_9_x86_64.whl", hash = "sha256:61f9a7ca6eb47378809c94cd8fbdbc5ee90c4bbb0c18ddf5592d25ed95cf939c"},
    {file = "pymongo-4.11.1-cp39-cp39-macosx_11_0_arm64.whl", hash = "sha256:3b01623eb4a7ac58706e1920a94fbb47465f8ee19e7fbbb077e1707e37678863"},
    {file = "pymongo-4.11.1-cp39-cp39-manylinux_2_17_aarch64.manylinux2014_aarch64.whl", hash = "sha256:2737ad54f0cd38e19ebf76e6f34dbbc6927615a2973425e64475d15a65fc2f6b"},
    {file = "pymongo-4.11.1-cp39-cp39-manylinux_2_17_ppc64le.manylinux2014_ppc64le.whl", hash = "sha256:2d7f291245c1688655aa308bbba7c9afa8116692c4fa6ad2646a835ed277a67b"},
    {file = "pymongo-4.11.1-cp39-cp39-manylinux_2_17_s390x.manylinux2014_s390x.whl", hash = "sha256:892f2137282a0a993d342db6e4e6dc2f3db0b771831c2d505f7055c52c023198"},
    {file = "pymongo-4.11.1-cp39-cp39-manylinux_2_17_x86_64.manylinux2014_x86_64.whl", hash = "sha256:822a73d22970978a6e55751d53eb0948521fc8e1380e306b8644096b5230412f"},
    {file = "pymongo-4.11.1-cp39-cp39-manylinux_2_5_i686.manylinux1_i686.manylinux_2_17_i686.manylinux2014_i686.whl", hash = "sha256:18b669e15922316e25a318cf9ba594eae5a6c24285a70f455ea01571d70a47d2"},
    {file = "pymongo-4.11.1-cp39-cp39-manylinux_2_5_i686.manylinux1_i686.whl", hash = "sha256:9e7bac5fb1383a0df8b6881046207da20deb582a54e70c4c53ac9d4bbce323a3"},
    {file = "pymongo-4.11.1-cp39-cp39-manylinux_2_5_x86_64.manylinux1_x86_64.whl", hash = "sha256:34d8b0ee57ad2a07ecdccec06269a4530767c2befb68f4a185113c866ad20b00"},
    {file = "pymongo-4.11.1-cp39-cp39-win32.whl", hash = "sha256:490d3fd8006154894319af3a974764bf16baea87100222779f49c75cd8b16d3d"},
    {file = "pymongo-4.11.1-cp39-cp39-win_amd64.whl", hash = "sha256:1ed3c885ac221ddebd3e894aeae7b6bd84e7dbd4fd59f03e551d8f51455c7e9b"},
    {file = "pymongo-4.11.1.tar.gz", hash = "sha256:3757ce9257c3486eead45680a8895a0ed9ba27efaf1791fc0cf854367c21c638"},
]

[package.dependencies]
dnspython = ">=1.16.0,<3.0.0"

[package.extras]
aws = ["pymongo-auth-aws (>=1.1.0,<2.0.0)"]
docs = ["furo (==2024.8.6)", "readthedocs-sphinx-search (>=0.3,<1.0)", "sphinx (>=5.3,<9)", "sphinx-autobuild (>=2020.9.1)", "sphinx-rtd-theme (>=2,<4)", "sphinxcontrib-shellcheck (>=1,<2)"]
encryption = ["certifi", "pymongo-auth-aws (>=1.1.0,<2.0.0)", "pymongocrypt (>=1.12.0,<2.0.0)"]
gssapi = ["pykerberos", "winkerberos (>=0.5.0)"]
ocsp = ["certifi", "cryptography (>=2.5)", "pyopenssl (>=17.2.0)", "requests (<3.0.0)", "service-identity (>=18.1.0)"]
snappy = ["python-snappy"]
test = ["pytest (>=8.2)", "pytest-asyncio (>=0.24.0)"]
zstd = ["zstandard"]

[[package]]
name = "pyspark"
version = "3.5.4"
description = "Apache Spark Python API"
optional = false
python-versions = ">=3.8"
groups = ["main"]
files = [
    {file = "pyspark-3.5.4.tar.gz", hash = "sha256:1c2926d63020902163f58222466adf6f8016f6c43c1f319b8e7a71dbaa05fc51"},
]

[package.dependencies]
py4j = "0.10.9.7"

[package.extras]
connect = ["googleapis-common-protos (>=1.56.4)", "grpcio (>=1.56.0)", "grpcio-status (>=1.56.0)", "numpy (>=1.15,<2)", "pandas (>=1.0.5)", "pyarrow (>=4.0.0)"]
ml = ["numpy (>=1.15,<2)"]
mllib = ["numpy (>=1.15,<2)"]
pandas-on-spark = ["numpy (>=1.15,<2)", "pandas (>=1.0.5)", "pyarrow (>=4.0.0)"]
sql = ["numpy (>=1.15,<2)", "pandas (>=1.0.5)", "pyarrow (>=4.0.0)"]

[[package]]
name = "python-dateutil"
version = "2.9.0.post0"
description = "Extensions to the standard Python datetime module"
optional = false
python-versions = "!=3.0.*,!=3.1.*,!=3.2.*,>=2.7"
groups = ["main"]
files = [
    {file = "python-dateutil-2.9.0.post0.tar.gz", hash = "sha256:37dd54208da7e1cd875388217d5e00ebd4179249f90fb72437e91a35459a0ad3"},
    {file = "python_dateutil-2.9.0.post0-py2.py3-none-any.whl", hash = "sha256:a8b2bc7bffae282281c8140a97d3aa9c14da0b136dfe83f850eea9a5f7470427"},
]

[package.dependencies]
six = ">=1.5"

[[package]]
name = "pytz"
version = "2025.1"
description = "World timezone definitions, modern and historical"
optional = false
python-versions = "*"
groups = ["main"]
files = [
    {file = "pytz-2025.1-py2.py3-none-any.whl", hash = "sha256:89dd22dca55b46eac6eda23b2d72721bf1bdfef212645d81513ef5d03038de57"},
    {file = "pytz-2025.1.tar.gz", hash = "sha256:c2db42be2a2518b28e65f9207c4d05e6ff547d1efa4086469ef855e4ab70178e"},
]

[[package]]
name = "s3transfer"
version = "0.11.2"
description = "An Amazon S3 Transfer Manager"
optional = false
python-versions = ">=3.8"
groups = ["main"]
files = [
    {file = "s3transfer-0.11.2-py3-none-any.whl", hash = "sha256:be6ecb39fadd986ef1701097771f87e4d2f821f27f6071c872143884d2950fbc"},
    {file = "s3transfer-0.11.2.tar.gz", hash = "sha256:3b39185cb72f5acc77db1a58b6e25b977f28d20496b6e58d6813d75f464d632f"},
]

[package.dependencies]
botocore = ">=1.36.0,<2.0a.0"

[package.extras]
crt = ["botocore[crt] (>=1.36.0,<2.0a.0)"]

[[package]]
name = "six"
version = "1.17.0"
description = "Python 2 and 3 compatibility utilities"
optional = false
python-versions = "!=3.0.*,!=3.1.*,!=3.2.*,>=2.7"
groups = ["main"]
files = [
    {file = "six-1.17.0-py2.py3-none-any.whl", hash = "sha256:4721f391ed90541fddacab5acf947aa0d3dc7d27b2e1e8eda2be8970586c3274"},
    {file = "six-1.17.0.tar.gz", hash = "sha256:ff70335d468e7eb6ec65b95b99d3a2836546063f63acc5171de367e834932a81"},
]

[[package]]
name = "tzdata"
version = "2025.1"
description = "Provider of IANA time zone data"
optional = false
python-versions = ">=2"
groups = ["main"]
files = [
    {file = "tzdata-2025.1-py2.py3-none-any.whl", hash = "sha256:7e127113816800496f027041c570f50bcd464a020098a3b6b199517772303639"},
    {file = "tzdata-2025.1.tar.gz", hash = "sha256:24894909e88cdb28bd1636c6887801df64cb485bd593f2fd83ef29075a81d694"},
]

[[package]]
name = "urllib3"
version = "2.3.0"
description = "HTTP library with thread-safe connection pooling, file post, and more."
optional = false
python-versions = ">=3.9"
groups = ["main"]
files = [
    {file = "urllib3-2.3.0-py3-none-any.whl", hash = "sha256:1cee9ad369867bfdbbb48b7dd50374c0967a0bb7710050facf0dd6911440e3df"},
    {file = "urllib3-2.3.0.tar.gz", hash = "sha256:f8c5449b3cf0861679ce7e0503c7b44b5ec981bec0d1d3795a07f1ba96f0204d"},
]

[package.extras]
brotli = ["brotli (>=1.0.9)", "brotlicffi (>=0.8.0)"]
h2 = ["h2 (>=4,<5)"]
socks = ["pysocks (>=1.5.6,!=1.5.7,<2.0)"]
zstd = ["zstandard (>=0.18.0)"]

[metadata]
lock-version = "2.1"
python-versions = ">=3.12"
content-hash = "15db242d4871ae2e98543b5eba4fbc18252610d42d0716124d05516bdd3323e9"
